
Microsoft Visual Studio Solution File, Format Version 12.00
# Visual Studio Version 16
VisualStudioVersion = 16.0.30717.126
MinimumVisualStudioVersion = 10.0.40219.1
Project("{FAE04EC0-301F-11D3-BF4B-00C04F79EFBC}") = "DatingApp2", "DatingApp2\DatingApp2.csproj", "{59204888-66EF-47E8-9618-238BA038FED4}"
EndProject
Global
	GlobalSection(SolutionConfigurationPlatforms) = preSolution
		Debug|Any CPU = Debug|Any CPU
		Release|Any CPU = Release|Any CPU
	EndGlobalSection
	GlobalSection(ProjectConfigurationPlatforms) = postSolution
		{59204888-66EF-47E8-9618-238BA038FED4}.Debug|Any CPU.ActiveCfg = Debug|Any CPU
		{59204888-66EF-47E8-9618-238BA038FED4}.Debug|Any CPU.Build.0 = Debug|Any CPU
		{59204888-66EF-47E8-9618-238BA038FED4}.Release|Any CPU.ActiveCfg = Release|Any CPU
		{59204888-66EF-47E8-9618-238BA038FED4}.Release|Any CPU.Build.0 = Release|Any CPU
	EndGlobalSection
	GlobalSection(SolutionProperties) = preSolution
		HideSolutionNode = FALSE
	EndGlobalSection
	GlobalSection(ExtensibilityGlobals) = postSolution
		SolutionGuid = {E1B9AF08-EBC4-46C3-B0DC-C81BCEF0AA7A}
	EndGlobalSection
EndGlobal
